
Microsoft Visual Studio Solution File, Format Version 12.00
# Visual Studio 2012
Project("{FAE04EC0-301F-11D3-BF4B-00C04F79EFBC}") = "Shippable.CSharpSample", "Shippable.CSharpSample\Shippable.CSharpSample.csproj", "{8057CF82-CFFC-428B-8056-CC5C8AEFF4A1}"
EndProject
Project("{FAE04EC0-301F-11D3-BF4B-00C04F79EFBC}") = "Shippable.CSharpSample.Tests", "Shippable.CSharpSample.Tests\Shippable.CSharpSample.Tests.csproj", "{E44630DC-AF7A-4325-8162-40C07C4A2E53}"
EndProject
Project("{2150E333-8FDC-42A3-9474-1A3956D46DE8}") = ".nuget", ".nuget", "{9BF496D2-B19B-49DC-B485-9B0141E5B14D}"
	ProjectSection(SolutionItems) = preProject
		.nuget\NuGet.Config = .nuget\NuGet.Config
		.nuget\NuGet.exe = .nuget\NuGet.exe
		.nuget\NuGet.targets = .nuget\NuGet.targets
		.nuget\packages.config = .nuget\packages.config
	EndProjectSection
EndProject
Global
	GlobalSection(SolutionConfigurationPlatforms) = preSolution
		Debug|Any CPU = Debug|Any CPU
		Release|Any CPU = Release|Any CPU
	EndGlobalSection
	GlobalSection(ProjectConfigurationPlatforms) = postSolution
		{8057CF82-CFFC-428B-8056-CC5C8AEFF4A1}.Debug|Any CPU.ActiveCfg = Debug|Any CPU
		{8057CF82-CFFC-428B-8056-CC5C8AEFF4A1}.Debug|Any CPU.Build.0 = Debug|Any CPU
		{8057CF82-CFFC-428B-8056-CC5C8AEFF4A1}.Release|Any CPU.ActiveCfg = Release|Any CPU
		{8057CF82-CFFC-428B-8056-CC5C8AEFF4A1}.Release|Any CPU.Build.0 = Release|Any CPU
		{E44630DC-AF7A-4325-8162-40C07C4A2E53}.Debug|Any CPU.ActiveCfg = Debug|Any CPU
		{E44630DC-AF7A-4325-8162-40C07C4A2E53}.Debug|Any CPU.Build.0 = Debug|Any CPU
		{E44630DC-AF7A-4325-8162-40C07C4A2E53}.Release|Any CPU.ActiveCfg = Release|Any CPU
		{E44630DC-AF7A-4325-8162-40C07C4A2E53}.Release|Any CPU.Build.0 = Release|Any CPU
	EndGlobalSection
	GlobalSection(SolutionProperties) = preSolution
		HideSolutionNode = FALSE
	EndGlobalSection
EndGlobal
